
Microsoft Visual Studio Solution File, Format Version 12.00
# Visual Studio Version 17
VisualStudioVersion = 17.8.34511.84
MinimumVisualStudioVersion = 10.0.40219.1
Project("{FAE04EC0-301F-11D3-BF4B-00C04F79EFBC}") = "14-NullablesInCSharp", "14-NullablesInCSharp.csproj", "{91E91BD3-A2F7-4529-86C0-29BD44F8BBF3}"
EndProject
Global
	GlobalSection(SolutionConfigurationPlatforms) = preSolution
		Debug|Any CPU = Debug|Any CPU
		Release|Any CPU = Release|Any CPU
	EndGlobalSection
	GlobalSection(ProjectConfigurationPlatforms) = postSolution
		{91E91BD3-A2F7-4529-86C0-29BD44F8BBF3}.Debug|Any CPU.ActiveCfg = Debug|Any CPU
		{91E91BD3-A2F7-4529-86C0-29BD44F8BBF3}.Debug|Any CPU.Build.0 = Debug|Any CPU
		{91E91BD3-A2F7-4529-86C0-29BD44F8BBF3}.Release|Any CPU.ActiveCfg = Release|Any CPU
		{91E91BD3-A2F7-4529-86C0-29BD44F8BBF3}.Release|Any CPU.Build.0 = Release|Any CPU
	EndGlobalSection
	GlobalSection(SolutionProperties) = preSolution
		HideSolutionNode = FALSE
	EndGlobalSection
	GlobalSection(ExtensibilityGlobals) = postSolution
		SolutionGuid = {BF8F1E7F-9A53-4C5F-B7B9-2DC229034254}
	EndGlobalSection
EndGlobal
